// !$*UTF8*$!
{
	archiveVersion = 1;
	classes = {
	};
	objectVersion = 46;
	objects = {

/* Begin PBXBuildFile section */
		FAC166271F244E8D00023A18 /* AppDelegate.swift in Sources */ = {isa = PBXBuildFile; fileRef = FAC166261F244E8D00023A18 /* AppDelegate.swift */; };
		FAC166291F244E8D00023A18 /* ViewController.swift in Sources */ = {isa = PBXBuildFile; fileRef = FAC166281F244E8D00023A18 /* ViewController.swift */; };
		FAC1662C1F244E8D00023A18 /* Main.storyboard in Resources */ = {isa = PBXBuildFile; fileRef = FAC1662A1F244E8D00023A18 /* Main.storyboard */; };
		FAC1662E1F244E8D00023A18 /* Assets.xcassets in Resources */ = {isa = PBXBuildFile; fileRef = FAC1662D1F244E8D00023A18 /* Assets.xcassets */; };
		FAC166311F244E8D00023A18 /* LaunchScreen.storyboard in Resources */ = {isa = PBXBuildFile; fileRef = FAC1662F1F244E8D00023A18 /* LaunchScreen.storyboard */; };
		FAC1663C1F244E8D00023A18 /* Facade_SwiftTests.swift in Sources */ = {isa = PBXBuildFile; fileRef = FAC1663B1F244E8D00023A18 /* Facade_SwiftTests.swift */; };
		FAC166471F244E8D00023A18 /* Facade_SwiftUITests.swift in Sources */ = {isa = PBXBuildFile; fileRef = FAC166461F244E8D00023A18 /* Facade_SwiftUITests.swift */; };
		FAC166551F244EBD00023A18 /* Finance.swift in Sources */ = {isa = PBXBuildFile; fileRef = FAC166541F244EBD00023A18 /* Finance.swift */; };
		FAC166571F244F6E00023A18 /* Sales.swift in Sources */ = {isa = PBXBuildFile; fileRef = FAC166561F244F6E00023A18 /* Sales.swift */; };
		FAC166591F24501B00023A18 /* Service.swift in Sources */ = {isa = PBXBuildFile; fileRef = FAC166581F24501B00023A18 /* Service.swift */; };
		FAC1665B1F2450B400023A18 /* Salesman.swift in Sources */ = {isa = PBXBuildFile; fileRef = FAC1665A1F2450B400023A18 /* Salesman.swift */; };
/* End PBXBuildFile section */

/* Begin PBXContainerItemProxy section */
		FAC166381F244E8D00023A18 /* PBXContainerItemProxy */ = {
			isa = PBXContainerItemProxy;
			containerPortal = FAC1661B1F244E8D00023A18 /* Project object */;
			proxyType = 1;
			remoteGlobalIDString = FAC166221F244E8D00023A18;
			remoteInfo = Facade_Swift;
		};
		FAC166431F244E8D00023A18 /* PBXContainerItemProxy */ = {
			isa = PBXContainerItemProxy;
			containerPortal = FAC1661B1F244E8D00023A18 /* Project object */;
			proxyType = 1;
			remoteGlobalIDString = FAC166221F244E8D00023A18;
			remoteInfo = Facade_Swift;
		};
/* End PBXContainerItemProxy section */

/* Begin PBXFileReference section */
		FAC166231F244E8D00023A18 /* Facade_Swift.app */ = {isa = PBXFileReference; explicitFileType = wrapper.application; includeInIndex = 0; path = Facade_Swift.app; sourceTree = BUILT_PRODUCTS_DIR; };
		FAC166261F244E8D00023A18 /* AppDelegate.swift */ = {isa = PBXFileReference; lastKnownFileType = sourcecode.swift; path = AppDelegate.swift; sourceTree = "<group>"; };
		FAC166281F244E8D00023A18 /* ViewController.swift */ = {isa = PBXFileReference; lastKnownFileType = sourcecode.swift; path = ViewController.swift; sourceTree = "<group>"; };
		FAC1662B1F244E8D00023A18 /* Base */ = {isa = PBXFileReference; lastKnownFileType = file.storyboard; name = Base; path = Base.lproj/Main.storyboard; sourceTree = "<group>"; };
		FAC1662D1F244E8D00023A18 /* Assets.xcassets */ = {isa = PBXFileReference; lastKnownFileType = folder.assetcatalog; path = Assets.xcassets; sourceTree = "<group>"; };
		FAC166301F244E8D00023A18 /* Base */ = {isa = PBXFileReference; lastKnownFileType = file.storyboard; name = Base; path = Base.lproj/LaunchScreen.storyboard; sourceTree = "<group>"; };
		FAC166321F244E8D00023A18 /* Info.plist */ = {isa = PBXFileReference; lastKnownFileType = text.plist.xml; path = Info.plist; sourceTree = "<group>"; };
		FAC166371F244E8D00023A18 /* Facade_SwiftTests.xctest */ = {isa = PBXFileReference; explicitFileType = wrapper.cfbundle; includeInIndex = 0; path = Facade_SwiftTests.xctest; sourceTree = BUILT_PRODUCTS_DIR; };
		FAC1663B1F244E8D00023A18 /* Facade_SwiftTests.swift */ = {isa = PBXFileReference; lastKnownFileType = sourcecode.swift; path = Facade_SwiftTests.swift; sourceTree = "<group>"; };
		FAC1663D1F244E8D00023A18 /* Info.plist */ = {isa = PBXFileReference; lastKnownFileType = text.plist.xml; path = Info.plist; sourceTree = "<group>"; };
		FAC166421F244E8D00023A18 /* Facade_SwiftUITests.xctest */ = {isa = PBXFileReference; explicitFileType = wrapper.cfbundle; includeInIndex = 0; path = Facade_SwiftUITests.xctest; sourceTree = BUILT_PRODUCTS_DIR; };
		FAC166461F244E8D00023A18 /* Facade_SwiftUITests.swift */ = {isa = PBXFileReference; lastKnownFileType = sourcecode.swift; path = Facade_SwiftUITests.swift; sourceTree = "<group>"; };
		FAC166481F244E8D00023A18 /* Info.plist */ = {isa = PBXFileReference; lastKnownFileType = text.plist.xml; path = Info.plist; sourceTree = "<group>"; };
		FAC166541F244EBD00023A18 /* Finance.swift */ = {isa = PBXFileReference; fileEncoding = 4; lastKnownFileType = sourcecode.swift; path = Finance.swift; sourceTree = "<group>"; };
		FAC166561F244F6E00023A18 /* Sales.swift */ = {isa = PBXFileReference; fileEncoding = 4; lastKnownFileType = sourcecode.swift; path = Sales.swift; sourceTree = "<group>"; };
		FAC166581F24501B00023A18 /* Service.swift */ = {isa = PBXFileReference; fileEncoding = 4; lastKnownFileType = sourcecode.swift; path = Service.swift; sourceTree = "<group>"; };
		FAC1665A1F2450B400023A18 /* Salesman.swift */ = {isa = PBXFileReference; fileEncoding = 4; lastKnownFileType = sourcecode.swift; path = Salesman.swift; sourceTree = "<group>"; };
/* End PBXFileReference section */

/* Begin PBXFrameworksBuildPhase section */
		FAC166201F244E8D00023A18 /* Frameworks */ = {
			isa = PBXFrameworksBuildPhase;
			buildActionMask = 2147483647;
			files = (
			);
			runOnlyForDeploymentPostprocessing = 0;
		};
		FAC166341F244E8D00023A18 /* Frameworks */ = {
			isa = PBXFrameworksBuildPhase;
			buildActionMask = 2147483647;
			files = (
			);
			runOnlyForDeploymentPostprocessing = 0;
		};
		FAC1663F1F244E8D00023A18 /* Frameworks */ = {
			isa = PBXFrameworksBuildPhase;
			buildActionMask = 2147483647;
			files = (
			);
			runOnlyForDeploymentPostprocessing = 0;
		};
/* End PBXFrameworksBuildPhase section */

/* Begin PBXGroup section */
		FAC1661A1F244E8D00023A18 = {
			isa = PBXGroup;
			children = (
				FAC166251F244E8D00023A18 /* Facade_Swift */,
				FAC1663A1F244E8D00023A18 /* Facade_SwiftTests */,
				FAC166451F244E8D00023A18 /* Facade_SwiftUITests */,
				FAC166241F244E8D00023A18 /* Products */,
			);
			sourceTree = "<group>";
		};
		FAC166241F244E8D00023A18 /* Products */ = {
			isa = PBXGroup;
			children = (
				FAC166231F244E8D00023A18 /* Facade_Swift.app */,
				FAC166371F244E8D00023A18 /* Facade_SwiftTests.xctest */,
				FAC166421F244E8D00023A18 /* Facade_SwiftUITests.xctest */,
			);
			name = Products;
			sourceTree = "<group>";
		};
		FAC166251F244E8D00023A18 /* Facade_Swift */ = {
			isa = PBXGroup;
			children = (
				FAC166261F244E8D00023A18 /* AppDelegate.swift */,
				FAC166281F244E8D00023A18 /* ViewController.swift */,
				FAC1662A1F244E8D00023A18 /* Main.storyboard */,
				FAC1662D1F244E8D00023A18 /* Assets.xcassets */,
				FAC1662F1F244E8D00023A18 /* LaunchScreen.storyboard */,
				FAC166321F244E8D00023A18 /* Info.plist */,
				FAC166541F244EBD00023A18 /* Finance.swift */,
				FAC166561F244F6E00023A18 /* Sales.swift */,
				FAC166581F24501B00023A18 /* Service.swift */,
				FAC1665A1F2450B400023A18 /* Salesman.swift */,
			);
			path = Facade_Swift;
			sourceTree = "<group>";
		};
		FAC1663A1F244E8D00023A18 /* Facade_SwiftTests */ = {
			isa = PBXGroup;
			children = (
				FAC1663B1F244E8D00023A18 /* Facade_SwiftTests.swift */,
				FAC1663D1F244E8D00023A18 /* Info.plist */,
			);
			path = Facade_SwiftTests;
			sourceTree = "<group>";
		};
		FAC166451F244E8D00023A18 /* Facade_SwiftUITests */ = {
			isa = PBXGroup;
			children = (
				FAC166461F244E8D00023A18 /* Facade_SwiftUITests.swift */,
				FAC166481F244E8D00023A18 /* Info.plist */,
			);
			path = Facade_SwiftUITests;
			sourceTree = "<group>";
		};
/* End PBXGroup section */

/* Begin PBXNativeTarget section */
		FAC166221F244E8D00023A18 /* Facade_Swift */ = {
			isa = PBXNativeTarget;
			buildConfigurationList = FAC1664B1F244E8D00023A18 /* Build configuration list for PBXNativeTarget "Facade_Swift" */;
			buildPhases = (
				FAC1661F1F244E8D00023A18 /* Sources */,
				FAC166201F244E8D00023A18 /* Frameworks */,
				FAC166211F244E8D00023A18 /* Resources */,
			);
			buildRules = (
			);
			dependencies = (
			);
			name = Facade_Swift;
			productName = Facade_Swift;
			productReference = FAC166231F244E8D00023A18 /* Facade_Swift.app */;
			productType = "com.apple.product-type.application";
		};
		FAC166361F244E8D00023A18 /* Facade_SwiftTests */ = {
			isa = PBXNativeTarget;
			buildConfigurationList = FAC1664E1F244E8D00023A18 /* Build configuration list for PBXNativeTarget "Facade_SwiftTests" */;
			buildPhases = (
				FAC166331F244E8D00023A18 /* Sources */,
				FAC166341F244E8D00023A18 /* Frameworks */,
				FAC166351F244E8D00023A18 /* Resources */,
			);
			buildRules = (
			);
			dependencies = (
				FAC166391F244E8D00023A18 /* PBXTargetDependency */,
			);
			name = Facade_SwiftTests;
			productName = Facade_SwiftTests;
			productReference = FAC166371F244E8D00023A18 /* Facade_SwiftTests.xctest */;
			productType = "com.apple.product-type.bundle.unit-test";
		};
		FAC166411F244E8D00023A18 /* Facade_SwiftUITests */ = {
			isa = PBXNativeTarget;
			buildConfigurationList = FAC166511F244E8D00023A18 /* Build configuration list for PBXNativeTarget "Facade_SwiftUITests" */;
			buildPhases = (
				FAC1663E1F244E8D00023A18 /* Sources */,
				FAC1663F1F244E8D00023A18 /* Frameworks */,
				FAC166401F244E8D00023A18 /* Resources */,
			);
			buildRules = (
			);
			dependencies = (
				FAC166441F244E8D00023A18 /* PBXTargetDependency */,
			);
			name = Facade_SwiftUITests;
			productName = Facade_SwiftUITests;
			productReference = FAC166421F244E8D00023A18 /* Facade_SwiftUITests.xctest */;
			productType = "com.apple.product-type.bundle.ui-testing";
		};
/* End PBXNativeTarget section */

/* Begin PBXProject section */
		FAC1661B1F244E8D00023A18 /* Project object */ = {
			isa = PBXProject;
			attributes = {
				LastSwiftUpdateCheck = 0830;
				LastUpgradeCheck = 0830;
				ORGANIZATIONNAME = "张谦";
				TargetAttributes = {
					FAC166221F244E8D00023A18 = {
						CreatedOnToolsVersion = 8.3.3;
						ProvisioningStyle = Automatic;
					};
					FAC166361F244E8D00023A18 = {
						CreatedOnToolsVersion = 8.3.3;
						ProvisioningStyle = Automatic;
						TestTargetID = FAC166221F244E8D00023A18;
					};
					FAC166411F244E8D00023A18 = {
						CreatedOnToolsVersion = 8.3.3;
						ProvisioningStyle = Automatic;
						TestTargetID = FAC166221F244E8D00023A18;
					};
				};
			};
			buildConfigurationList = FAC1661E1F244E8D00023A18 /* Build configuration list for PBXProject "Facade_Swift" */;
			compatibilityVersion = "Xcode 3.2";
			developmentRegion = English;
			hasScannedForEncodings = 0;
			knownRegions = (
				en,
				Base,
			);
			mainGroup = FAC1661A1F244E8D00023A18;
			productRefGroup = FAC166241F244E8D00023A18 /* Products */;
			projectDirPath = "";
			projectRoot = "";
			targets = (
				FAC166221F244E8D00023A18 /* Facade_Swift */,
				FAC166361F244E8D00023A18 /* Facade_SwiftTests */,
				FAC166411F244E8D00023A18 /* Facade_SwiftUITests */,
			);
		};
/* End PBXProject section */

/* Begin PBXResourcesBuildPhase section */
		FAC166211F244E8D00023A18 /* Resources */ = {
			isa = PBXResourcesBuildPhase;
			buildActionMask = 2147483647;
			files = (
				FAC166311F244E8D00023A18 /* LaunchScreen.storyboard in Resources */,
				FAC1662E1F244E8D00023A18 /* Assets.xcassets in Resources */,
				FAC1662C1F244E8D00023A18 /* Main.storyboard in Resources */,
			);
			runOnlyForDeploymentPostprocessing = 0;
		};
		FAC166351F244E8D00023A18 /* Resources */ = {
			isa = PBXResourcesBuildPhase;
			buildActionMask = 2147483647;
			files = (
			);
			runOnlyForDeploymentPostprocessing = 0;
		};
		FAC166401F244E8D00023A18 /* Resources */ = {
			isa = PBXResourcesBuildPhase;
			buildActionMask = 2147483647;
			files = (
			);
			runOnlyForDeploymentPostprocessing = 0;
		};
/* End PBXResourcesBuildPhase section */

/* Begin PBXSourcesBuildPhase section */
		FAC1661F1F244E8D00023A18 /* Sources */ = {
			isa = PBXSourcesBuildPhase;
			buildActionMask = 2147483647;
			files = (
				FAC166291F244E8D00023A18 /* ViewController.swift in Sources */,
				FAC166551F244EBD00023A18 /* Finance.swift in Sources */,
				FAC166591F24501B00023A18 /* Service.swift in Sources */,
				FAC1665B1F2450B400023A18 /* Salesman.swift in Sources */,
				FAC166571F244F6E00023A18 /* Sales.swift in Sources */,
				FAC166271F244E8D00023A18 /* AppDelegate.swift in Sources */,
			);
			runOnlyForDeploymentPostprocessing = 0;
		};
		FAC166331F244E8D00023A18 /* Sources */ = {
			isa = PBXSourcesBuildPhase;
			buildActionMask = 2147483647;
			files = (
				FAC1663C1F244E8D00023A18 /* Facade_SwiftTests.swift in Sources */,
			);
			runOnlyForDeploymentPostprocessing = 0;
		};
		FAC1663E1F244E8D00023A18 /* Sources */ = {
			isa = PBXSourcesBuildPhase;
			buildActionMask = 2147483647;
			files = (
				FAC166471F244E8D00023A18 /* Facade_SwiftUITests.swift in Sources */,
			);
			runOnlyForDeploymentPostprocessing = 0;
		};
/* End PBXSourcesBuildPhase section */

/* Begin PBXTargetDependency section */
		FAC166391F244E8D00023A18 /* PBXTargetDependency */ = {
			isa = PBXTargetDependency;
			target = FAC166221F244E8D00023A18 /* Facade_Swift */;
			targetProxy = FAC166381F244E8D00023A18 /* PBXContainerItemProxy */;
		};
		FAC166441F244E8D00023A18 /* PBXTargetDependency */ = {
			isa = PBXTargetDependency;
			target = FAC166221F244E8D00023A18 /* Facade_Swift */;
			targetProxy = FAC166431F244E8D00023A18 /* PBXContainerItemProxy */;
		};
/* End PBXTargetDependency section */

/* Begin PBXVariantGroup section */
		FAC1662A1F244E8D00023A18 /* Main.storyboard */ = {
			isa = PBXVariantGroup;
			children = (
				FAC1662B1F244E8D00023A18 /* Base */,
			);
			name = Main.storyboard;
			sourceTree = "<group>";
		};
		FAC1662F1F244E8D00023A18 /* LaunchScreen.storyboard */ = {
			isa = PBXVariantGroup;
			children = (
				FAC166301F244E8D00023A18 /* Base */,
			);
			name = LaunchScreen.storyboard;
			sourceTree = "<group>";
		};
/* End PBXVariantGroup section */

/* Begin XCBuildConfiguration section */
		FAC166491F244E8D00023A18 /* Debug */ = {
			isa = XCBuildConfiguration;
			buildSettings = {
				ALWAYS_SEARCH_USER_PATHS = NO;
				CLANG_ANALYZER_NONNULL = YES;
				CLANG_ANALYZER_NUMBER_OBJECT_CONVERSION = YES_AGGRESSIVE;
				CLANG_CXX_LANGUAGE_STANDARD = "gnu++0x";
				CLANG_CXX_LIBRARY = "libc++";
				CLANG_ENABLE_MODULES = YES;
				CLANG_ENABLE_OBJC_ARC = YES;
				CLANG_WARN_BOOL_CONVERSION = YES;
				CLANG_WARN_CONSTANT_CONVERSION = YES;
				CLANG_WARN_DIRECT_OBJC_ISA_USAGE = YES_ERROR;
				CLANG_WARN_DOCUMENTATION_COMMENTS = YES;
				CLANG_WARN_EMPTY_BODY = YES;
				CLANG_WARN_ENUM_CONVERSION = YES;
				CLANG_WARN_INFINITE_RECURSION = YES;
				CLANG_WARN_INT_CONVERSION = YES;
				CLANG_WARN_OBJC_ROOT_CLASS = YES_ERROR;
				CLANG_WARN_SUSPICIOUS_MOVE = YES;
				CLANG_WARN_UNREACHABLE_CODE = YES;
				CLANG_WARN__DUPLICATE_METHOD_MATCH = YES;
				"CODE_SIGN_IDENTITY[sdk=iphoneos*]" = "iPhone Developer";
				COPY_PHASE_STRIP = NO;
				DEBUG_INFORMATION_FORMAT = dwarf;
				ENABLE_STRICT_OBJC_MSGSEND = YES;
				ENABLE_TESTABILITY = YES;
				GCC_C_LANGUAGE_STANDARD = gnu99;
				GCC_DYNAMIC_NO_PIC = NO;
				GCC_NO_COMMON_BLOCKS = YES;
				GCC_OPTIMIZATION_LEVEL = 0;
				GCC_PREPROCESSOR_DEFINITIONS = (
					"DEBUG=1",
					"$(inherited)",
				);
				GCC_WARN_64_TO_32_BIT_CONVERSION = YES;
				GCC_WARN_ABOUT_RETURN_TYPE = YES_ERROR;
				GCC_WARN_UNDECLARED_SELECTOR = YES;
				GCC_WARN_UNINITIALIZED_AUTOS = YES_AGGRESSIVE;
				GCC_WARN_UNUSED_FUNCTION = YES;
				GCC_WARN_UNUSED_VARIABLE = YES;
				IPHONEOS_DEPLOYMENT_TARGET = 10.3;
				MTL_ENABLE_DEBUG_INFO = YES;
				ONLY_ACTIVE_ARCH = YES;
				SDKROOT = iphoneos;
				SWIFT_ACTIVE_COMPILATION_CONDITIONS = DEBUG;
				SWIFT_OPTIMIZATION_LEVEL = "-Onone";
				TARGETED_DEVICE_FAMILY = "1,2";
			};
			name = Debug;
		};
		FAC1664A1F244E8D00023A18 /* Release */ = {
			isa = XCBuildConfiguration;
			buildSettings = {
				ALWAYS_SEARCH_USER_PATHS = NO;
				CLANG_ANALYZER_NONNULL = YES;
				CLANG_ANALYZER_NUMBER_OBJECT_CONVERSION = YES_AGGRESSIVE;
				CLANG_CXX_LANGUAGE_STANDARD = "gnu++0x";
				CLANG_CXX_LIBRARY = "libc++";
				CLANG_ENABLE_MODULES = YES;
				CLANG_ENABLE_OBJC_ARC = YES;
				CLANG_WARN_BOOL_CONVERSION = YES;
				CLANG_WARN_CONSTANT_CONVERSION = YES;
				CLANG_WARN_DIRECT_OBJC_ISA_USAGE = YES_ERROR;
				CLANG_WARN_DOCUMENTATION_COMMENTS = YES;
				CLANG_WARN_EMPTY_BODY = YES;
				CLANG_WARN_ENUM_CONVERSION = YES;
				CLANG_WARN_INFINITE_RECURSION = YES;
				CLANG_WARN_INT_CONVERSION = YES;
				CLANG_WARN_OBJC_ROOT_CLASS = YES_ERROR;
				CLANG_WARN_SUSPICIOUS_MOVE = YES;
				CLANG_WARN_UNREACHABLE_CODE = YES;
				CLANG_WARN__DUPLICATE_METHOD_MATCH = YES;
				"CODE_SIGN_IDENTITY[sdk=iphoneos*]" = "iPhone Developer";
				COPY_PHASE_STRIP = NO;
				DEBUG_INFORMATION_FORMAT = "dwarf-with-dsym";
				ENABLE_NS_ASSERTIONS = NO;
				ENABLE_STRICT_OBJC_MSGSEND = YES;
				GCC_C_LANGUAGE_STANDARD = gnu99;
				GCC_NO_COMMON_BLOCKS = YES;
				GCC_WARN_64_TO_32_BIT_CONVERSION = YES;
				GCC_WARN_ABOUT_RETURN_TYPE = YES_ERROR;
				GCC_WARN_UNDECLARED_SELECTOR = YES;
				GCC_WARN_UNINITIALIZED_AUTOS = YES_AGGRESSIVE;
				GCC_WARN_UNUSED_FUNCTION = YES;
				GCC_WARN_UNUSED_VARIABLE = YES;
				IPHONEOS_DEPLOYMENT_TARGET = 10.3;
				MTL_ENABLE_DEBUG_INFO = NO;
				SDKROOT = iphoneos;
				SWIFT_OPTIMIZATION_LEVEL = "-Owholemodule";
				TARGETED_DEVICE_FAMILY = "1,2";
				VALIDATE_PRODUCT = YES;
			};
			name = Release;
		};
		FAC1664C1F244E8D00023A18 /* Debug */ = {
			isa = XCBuildConfiguration;
			buildSettings = {
				ASSETCATALOG_COMPILER_APPICON_NAME = AppIcon;
				INFOPLIST_FILE = Facade_Swift/Info.plist;
				LD_RUNPATH_SEARCH_PATHS = "$(inherited) @executable_path/Frameworks";
				PRODUCT_BUNDLE_IDENTIFIER = "com.itrust.Facade-Swift";
				PRODUCT_NAME = "$(TARGET_NAME)";
				SWIFT_VERSION = 3.0;
			};
			name = Debug;
		};
		FAC1664D1F244E8D00023A18 /* Release */ = {
			isa = XCBuildConfiguration;
			buildSettings = {
				ASSETCATALOG_COMPILER_APPICON_NAME = AppIcon;
				INFOPLIST_FILE = Facade_Swift/Info.plist;
				LD_RUNPATH_SEARCH_PATHS = "$(inherited) @executable_path/Frameworks";
				PRODUCT_BUNDLE_IDENTIFIER = "com.itrust.Facade-Swift";
				PRODUCT_NAME = "$(TARGET_NAME)";
				SWIFT_VERSION = 3.0;
			};
			name = Release;
		};
		FAC1664F1F244E8D00023A18 /* Debug */ = {
			isa = XCBuildConfiguration;
			buildSettings = {
				ALWAYS_EMBED_SWIFT_STANDARD_LIBRARIES = YES;
				BUNDLE_LOADER = "$(TEST_HOST)";
				INFOPLIST_FILE = Facade_SwiftTests/Info.plist;
				LD_RUNPATH_SEARCH_PATHS = "$(inherited) @executable_path/Frameworks @loader_path/Frameworks";
				PRODUCT_BUNDLE_IDENTIFIER = "com.itrust.Facade-SwiftTests";
				PRODUCT_NAME = "$(TARGET_NAME)";
				SWIFT_VERSION = 3.0;
				TEST_HOST = "$(BUILT_PRODUCTS_DIR)/Facade_Swift.app/Facade_Swift";
			};
			name = Debug;
		};
		FAC166501F244E8D00023A18 /* Release */ = {
			isa = XCBuildConfiguration;
			buildSettings = {
				ALWAYS_EMBED_SWIFT_STANDARD_LIBRARIES = YES;
				BUNDLE_LOADER = "$(TEST_HOST)";
				INFOPLIST_FILE = Facade_SwiftTests/Info.plist;
				LD_RUNPATH_SEARCH_PATHS = "$(inherited) @executable_path/Frameworks @loader_path/Frameworks";
				PRODUCT_BUNDLE_IDENTIFIER = "com.itrust.Facade-SwiftTests";
				PRODUCT_NAME = "$(TARGET_NAME)";
				SWIFT_VERSION = 3.0;
				TEST_HOST = "$(BUILT_PRODUCTS_DIR)/Facade_Swift.app/Facade_Swift";
			};
			name = Release;
		};
		FAC166521F244E8D00023A18 /* Debug */ = {
			isa = XCBuildConfiguration;
			buildSettings = {
				ALWAYS_EMBED_SWIFT_STANDARD_LIBRARIES = YES;
				INFOPLIST_FILE = Facade_SwiftUITests/Info.plist;
				LD_RUNPATH_SEARCH_PATHS = "$(inherited) @executable_path/Frameworks @loader_path/Frameworks";
				PRODUCT_BUNDLE_IDENTIFIER = "com.itrust.Facade-SwiftUITests";
				PRODUCT_NAME = "$(TARGET_NAME)";
				SWIFT_VERSION = 3.0;
				TEST_TARGET_NAME = Facade_Swift;
			};
			name = Debug;
		};
		FAC166531F244E8D00023A18 /* Release */ = {
			isa = XCBuildConfiguration;
			buildSettings = {
				ALWAYS_EMBED_SWIFT_STANDARD_LIBRARIES = YES;
				INFOPLIST_FILE = Facade_SwiftUITests/Info.plist;
				LD_RUNPATH_SEARCH_PATHS = "$(inherited) @executable_path/Frameworks @loader_path/Frameworks";
				PRODUCT_BUNDLE_IDENTIFIER = "com.itrust.Facade-SwiftUITests";
				PRODUCT_NAME = "$(TARGET_NAME)";
				SWIFT_VERSION = 3.0;
				TEST_TARGET_NAME = Facade_Swift;
			};
			name = Release;
		};
/* End XCBuildConfiguration section */

/* Begin XCConfigurationList section */
		FAC1661E1F244E8D00023A18 /* Build configuration list for PBXProject "Facade_Swift" */ = {
			isa = XCConfigurationList;
			buildConfigurations = (
				FAC166491F244E8D00023A18 /* Debug */,
				FAC1664A1F244E8D00023A18 /* Release */,
			);
			defaultConfigurationIsVisible = 0;
			defaultConfigurationName = Release;
		};
		FAC1664B1F244E8D00023A18 /* Build configuration list for PBXNativeTarget "Facade_Swift" */ = {
			isa = XCConfigurationList;
			buildConfigurations = (
				FAC1664C1F244E8D00023A18 /* Debug */,
				FAC1664D1F244E8D00023A18 /* Release */,
			);
			defaultConfigurationIsVisible = 0;
		};
		FAC1664E1F244E8D00023A18 /* Build configuration list for PBXNativeTarget "Facade_SwiftTests" */ = {
			isa = XCConfigurationList;
			buildConfigurations = (
				FAC1664F1F244E8D00023A18 /* Debug */,
				FAC166501F244E8D00023A18 /* Release */,
			);
			defaultConfigurationIsVisible = 0;
		};
		FAC166511F244E8D00023A18 /* Build configuration list for PBXNativeTarget "Facade_SwiftUITests" */ = {
			isa = XCConfigurationList;
			buildConfigurations = (
				FAC166521F244E8D00023A18 /* Debug */,
				FAC166531F244E8D00023A18 /* Release */,
			);
			defaultConfigurationIsVisible = 0;
		};
/* End XCConfigurationList section */
	};
	rootObject = FAC1661B1F244E8D00023A18 /* Project object */;
}
